PODS:
  - BuildaUtils (0.0.9)
  - DVR (0.0.4-czechboy0)

DEPENDENCIES:
  - BuildaUtils (= 0.0.9)
  - DVR (from `https://github.com/czechboy0/DVR.git`, tag `v0.0.4-czechboy0`)

EXTERNAL SOURCES:
  DVR:
    :git: https://github.com/czechboy0/DVR.git
    :tag: v0.0.4-czechboy0

CHECKOUT OPTIONS:
  DVR:
    :git: https://github.com/czechboy0/DVR.git
    :tag: v0.0.4-czechboy0

SPEC CHECKSUMS:
  BuildaUtils: fb92346b649b9edfebb86d263e4c796e3e6603c1
  DVR: 386f347071f55f3f9105239db6764483009ec875

COCOAPODS: 0.38.2
