PODS:
  - BuildaUtils (0.0.6)
  - DVR (0.0.3-czechboy0)

DEPENDENCIES:
  - BuildaUtils (= 0.0.6)
  - DVR (from `https://github.com/czechboy0/DVR.git`, tag `v0.0.3-czechboy0`)

EXTERNAL SOURCES:
  DVR:
    :git: https://github.com/czechboy0/DVR.git
    :tag: v0.0.3-czechboy0

CHECKOUT OPTIONS:
  DVR:
    :git: https://github.com/czechboy0/DVR.git
    :tag: v0.0.3-czechboy0

SPEC CHECKSUMS:
  BuildaUtils: 0f5bd1bb2f1cd797d6e969658bc5ddb528ed47f1
  DVR: a0c2b0f272db7e7b21813d15a2df34b588be8a45

COCOAPODS: 0.38.2
